
Microsoft Visual Studio Solution File, Format Version 12.00
# Visual Studio Version 16
VisualStudioVersion = 25.0.1706.0
MinimumVisualStudioVersion = 10.0.40219.1
Project("{FAE04EC0-301F-11D3-BF4B-00C04F79EFBC}") = "Common.UI.Android", "Common.UI.Android.csproj", "{D3288F32-E11A-47DD-9475-F93E417A09F9}"
EndProject
Global
	GlobalSection(SolutionConfigurationPlatforms) = preSolution
		Debug|Any CPU = Debug|Any CPU
		Release|Any CPU = Release|Any CPU
	EndGlobalSection
	GlobalSection(ProjectConfigurationPlatforms) = postSolution
		{D3288F32-E11A-47DD-9475-F93E417A09F9}.Debug|Any CPU.ActiveCfg = Debug|Any CPU
		{D3288F32-E11A-47DD-9475-F93E417A09F9}.Debug|Any CPU.Build.0 = Debug|Any CPU
		{D3288F32-E11A-47DD-9475-F93E417A09F9}.Release|Any CPU.ActiveCfg = Release|Any CPU
		{D3288F32-E11A-47DD-9475-F93E417A09F9}.Release|Any CPU.Build.0 = Release|Any CPU
	EndGlobalSection
	GlobalSection(SolutionProperties) = preSolution
		HideSolutionNode = FALSE
	EndGlobalSection
	GlobalSection(ExtensibilityGlobals) = postSolution
		SolutionGuid = {ACFFD175-98C2-44B8-9AF5-0C7B61D3EE7F}
	EndGlobalSection
EndGlobal
